// !$*UTF8*$!
{
	archiveVersion = 1;
	classes = {
	};
	objectVersion = 55;
	objects = {

/* Begin PBXBuildFile section */
		9F2E23A627EFA05100F46B6F /* DailyTableViewCell.swift in Sources */ = {isa = PBXBuildFile; fileRef = 9F2E23A527EFA05100F46B6F /* DailyTableViewCell.swift */; };
		9F2E23A827EFAE1B00F46B6F /* HourlyCollectionViewCell.swift in Sources */ = {isa = PBXBuildFile; fileRef = 9F2E23A727EFAE1B00F46B6F /* HourlyCollectionViewCell.swift */; };
		9F34819B27D1107700E55B65 /* AppDelegate.swift in Sources */ = {isa = PBXBuildFile; fileRef = 9F34819A27D1107700E55B65 /* AppDelegate.swift */; };
		9F34819D27D1107700E55B65 /* SceneDelegate.swift in Sources */ = {isa = PBXBuildFile; fileRef = 9F34819C27D1107700E55B65 /* SceneDelegate.swift */; };
		9F34819F27D1107700E55B65 /* LocationListViewController.swift in Sources */ = {isa = PBXBuildFile; fileRef = 9F34819E27D1107700E55B65 /* LocationListViewController.swift */; };
		9F3481A227D1107700E55B65 /* Main.storyboard in Resources */ = {isa = PBXBuildFile; fileRef = 9F3481A027D1107700E55B65 /* Main.storyboard */; };
		9F3481A427D1107A00E55B65 /* Assets.xcassets in Resources */ = {isa = PBXBuildFile; fileRef = 9F3481A327D1107A00E55B65 /* Assets.xcassets */; };
		9F3481A727D1107A00E55B65 /* LaunchScreen.storyboard in Resources */ = {isa = PBXBuildFile; fileRef = 9F3481A527D1107A00E55B65 /* LaunchScreen.storyboard */; };
		9F3481AF27D110BC00E55B65 /* WeatherLocation.swift in Sources */ = {isa = PBXBuildFile; fileRef = 9F3481AE27D110BC00E55B65 /* WeatherLocation.swift */; };
		9FBDDB8A27DEDA6500A9F91A /* APIkeys.swift in Sources */ = {isa = PBXBuildFile; fileRef = 9FBDDB8927DEDA6500A9F91A /* APIkeys.swift */; };
		9FBDDB8C27DF87E200A9F91A /* LocationDetailViewController.swift in Sources */ = {isa = PBXBuildFile; fileRef = 9FBDDB8B27DF87E200A9F91A /* LocationDetailViewController.swift */; };
		9FBDDB8E27DF95EC00A9F91A /* PageViewController.swift in Sources */ = {isa = PBXBuildFile; fileRef = 9FBDDB8D27DF95EC00A9F91A /* PageViewController.swift */; };
		9FBDDB9027DFAC8B00A9F91A /* WeatherDetail.swift in Sources */ = {isa = PBXBuildFile; fileRef = 9FBDDB8F27DFAC8B00A9F91A /* WeatherDetail.swift */; };
		E57703DB37BD5E54C34F708F /* libPods-WeatherGift.a in Frameworks */ = {isa = PBXBuildFile; fileRef = 3B0F07A377CC5BEBCD18E08A /* libPods-WeatherGift.a */; };
/* End PBXBuildFile section */

/* Begin PBXFileReference section */
		3B0F07A377CC5BEBCD18E08A /* libPods-WeatherGift.a */ = {isa = PBXFileReference; explicitFileType = archive.ar; includeInIndex = 0; path = "libPods-WeatherGift.a"; sourceTree = BUILT_PRODUCTS_DIR; };
		9F2E23A527EFA05100F46B6F /* DailyTableViewCell.swift */ = {isa = PBXFileReference; lastKnownFileType = sourcecode.swift; path = DailyTableViewCell.swift; sourceTree = "<group>"; };
		9F2E23A727EFAE1B00F46B6F /* HourlyCollectionViewCell.swift */ = {isa = PBXFileReference; lastKnownFileType = sourcecode.swift; path = HourlyCollectionViewCell.swift; sourceTree = "<group>"; };
		9F34819727D1107700E55B65 /* WeatherGift.app */ = {isa = PBXFileReference; explicitFileType = wrapper.application; includeInIndex = 0; path = WeatherGift.app; sourceTree = BUILT_PRODUCTS_DIR; };
		9F34819A27D1107700E55B65 /* AppDelegate.swift */ = {isa = PBXFileReference; lastKnownFileType = sourcecode.swift; path = AppDelegate.swift; sourceTree = "<group>"; };
		9F34819C27D1107700E55B65 /* SceneDelegate.swift */ = {isa = PBXFileReference; lastKnownFileType = sourcecode.swift; path = SceneDelegate.swift; sourceTree = "<group>"; };
		9F34819E27D1107700E55B65 /* LocationListViewController.swift */ = {isa = PBXFileReference; lastKnownFileType = sourcecode.swift; path = LocationListViewController.swift; sourceTree = "<group>"; };
		9F3481A127D1107700E55B65 /* Base */ = {isa = PBXFileReference; lastKnownFileType = file.storyboard; name = Base; path = Base.lproj/Main.storyboard; sourceTree = "<group>"; };
		9F3481A327D1107A00E55B65 /* Assets.xcassets */ = {isa = PBXFileReference; lastKnownFileType = folder.assetcatalog; path = Assets.xcassets; sourceTree = "<group>"; };
		9F3481A627D1107A00E55B65 /* Base */ = {isa = PBXFileReference; lastKnownFileType = file.storyboard; name = Base; path = Base.lproj/LaunchScreen.storyboard; sourceTree = "<group>"; };
		9F3481A827D1107A00E55B65 /* Info.plist */ = {isa = PBXFileReference; lastKnownFileType = text.plist.xml; path = Info.plist; sourceTree = "<group>"; };
		9F3481AE27D110BC00E55B65 /* WeatherLocation.swift */ = {isa = PBXFileReference; lastKnownFileType = sourcecode.swift; path = WeatherLocation.swift; sourceTree = "<group>"; };
		9FBDDB8927DEDA6500A9F91A /* APIkeys.swift */ = {isa = PBXFileReference; lastKnownFileType = sourcecode.swift; path = APIkeys.swift; sourceTree = "<group>"; };
		9FBDDB8B27DF87E200A9F91A /* LocationDetailViewController.swift */ = {isa = PBXFileReference; lastKnownFileType = sourcecode.swift; path = LocationDetailViewController.swift; sourceTree = "<group>"; };
		9FBDDB8D27DF95EC00A9F91A /* PageViewController.swift */ = {isa = PBXFileReference; lastKnownFileType = sourcecode.swift; path = PageViewController.swift; sourceTree = "<group>"; };
		9FBDDB8F27DFAC8B00A9F91A /* WeatherDetail.swift */ = {isa = PBXFileReference; lastKnownFileType = sourcecode.swift; path = WeatherDetail.swift; sourceTree = "<group>"; };
		B2FBA78B272FA7D4A66F4D24 /* Pods-WeatherGift.debug.xcconfig */ = {isa = PBXFileReference; includeInIndex = 1; lastKnownFileType = text.xcconfig; name = "Pods-WeatherGift.debug.xcconfig"; path = "Target Support Files/Pods-WeatherGift/Pods-WeatherGift.debug.xcconfig"; sourceTree = "<group>"; };
		E6D728C74AC52BF2C6A28A85 /* Pods-WeatherGift.release.xcconfig */ = {isa = PBXFileReference; includeInIndex = 1; lastKnownFileType = text.xcconfig; name = "Pods-WeatherGift.release.xcconfig"; path = "Target Support Files/Pods-WeatherGift/Pods-WeatherGift.release.xcconfig"; sourceTree = "<group>"; };
/* End PBXFileReference section */

/* Begin PBXFrameworksBuildPhase section */
		9F34819427D1107700E55B65 /* Frameworks */ = {
			isa = PBXFrameworksBuildPhase;
			buildActionMask = 2147483647;
			files = (
				E57703DB37BD5E54C34F708F /* libPods-WeatherGift.a in Frameworks */,
			);
			runOnlyForDeploymentPostprocessing = 0;
		};
/* End PBXFrameworksBuildPhase section */

/* Begin PBXGroup section */
		9F34818E27D1107700E55B65 = {
			isa = PBXGroup;
			children = (
				9F34819927D1107700E55B65 /* WeatherGift */,
				9F34819827D1107700E55B65 /* Products */,
				BE753D287AE55CA247568F9B /* Pods */,
				E5DE169E4D6A1FCBC612DEC0 /* Frameworks */,
			);
			sourceTree = "<group>";
		};
		9F34819827D1107700E55B65 /* Products */ = {
			isa = PBXGroup;
			children = (
				9F34819727D1107700E55B65 /* WeatherGift.app */,
			);
			name = Products;
			sourceTree = "<group>";
		};
		9F34819927D1107700E55B65 /* WeatherGift */ = {
			isa = PBXGroup;
			children = (
				9F34819A27D1107700E55B65 /* AppDelegate.swift */,
				9F34819C27D1107700E55B65 /* SceneDelegate.swift */,
				9F3481AE27D110BC00E55B65 /* WeatherLocation.swift */,
				9FBDDB8F27DFAC8B00A9F91A /* WeatherDetail.swift */,
				9FBDDB8D27DF95EC00A9F91A /* PageViewController.swift */,
				9FBDDB8B27DF87E200A9F91A /* LocationDetailViewController.swift */,
				9F34819E27D1107700E55B65 /* LocationListViewController.swift */,
				9F2E23A527EFA05100F46B6F /* DailyTableViewCell.swift */,
				9F2E23A727EFAE1B00F46B6F /* HourlyCollectionViewCell.swift */,
				9F3481A027D1107700E55B65 /* Main.storyboard */,
				9F3481A327D1107A00E55B65 /* Assets.xcassets */,
				9F3481A527D1107A00E55B65 /* LaunchScreen.storyboard */,
				9F3481A827D1107A00E55B65 /* Info.plist */,
				9FBDDB8927DEDA6500A9F91A /* APIkeys.swift */,
			);
			path = WeatherGift;
			sourceTree = "<group>";
		};
		BE753D287AE55CA247568F9B /* Pods */ = {
			isa = PBXGroup;
			children = (
				B2FBA78B272FA7D4A66F4D24 /* Pods-WeatherGift.debug.xcconfig */,
				E6D728C74AC52BF2C6A28A85 /* Pods-WeatherGift.release.xcconfig */,
			);
			path = Pods;
			sourceTree = "<group>";
		};
		E5DE169E4D6A1FCBC612DEC0 /* Frameworks */ = {
			isa = PBXGroup;
			children = (
				3B0F07A377CC5BEBCD18E08A /* libPods-WeatherGift.a */,
			);
			name = Frameworks;
			sourceTree = "<group>";
		};
/* End PBXGroup section */

/* Begin PBXNativeTarget section */
		9F34819627D1107700E55B65 /* WeatherGift */ = {
			isa = PBXNativeTarget;
			buildConfigurationList = 9F3481AB27D1107A00E55B65 /* Build configuration list for PBXNativeTarget "WeatherGift" */;
			buildPhases = (
				D5E8FFC70B6DE70D53E711B9 /* [CP] Check Pods Manifest.lock */,
				9F34819327D1107700E55B65 /* Sources */,
				9F34819427D1107700E55B65 /* Frameworks */,
				9F34819527D1107700E55B65 /* Resources */,
				8A29128903650C48870C51E1 /* [CP] Copy Pods Resources */,
			);
			buildRules = (
			);
			dependencies = (
			);
			name = WeatherGift;
			productName = WeatherGift;
			productReference = 9F34819727D1107700E55B65 /* WeatherGift.app */;
			productType = "com.apple.product-type.application";
		};
/* End PBXNativeTarget section */

/* Begin PBXProject section */
		9F34818F27D1107700E55B65 /* Project object */ = {
			isa = PBXProject;
			attributes = {
				BuildIndependentTargetsInParallel = 1;
				LastSwiftUpdateCheck = 1320;
				LastUpgradeCheck = 1320;
				TargetAttributes = {
					9F34819627D1107700E55B65 = {
						CreatedOnToolsVersion = 13.2.1;
					};
				};
			};
			buildConfigurationList = 9F34819227D1107700E55B65 /* Build configuration list for PBXProject "WeatherGift" */;
			compatibilityVersion = "Xcode 13.0";
			developmentRegion = en;
			hasScannedForEncodings = 0;
			knownRegions = (
				en,
				Base,
			);
			mainGroup = 9F34818E27D1107700E55B65;
			productRefGroup = 9F34819827D1107700E55B65 /* Products */;
			projectDirPath = "";
			projectRoot = "";
			targets = (
				9F34819627D1107700E55B65 /* WeatherGift */,
			);
		};
/* End PBXProject section */

/* Begin PBXResourcesBuildPhase section */
		9F34819527D1107700E55B65 /* Resources */ = {
			isa = PBXResourcesBuildPhase;
			buildActionMask = 2147483647;
			files = (
				9F3481A727D1107A00E55B65 /* LaunchScreen.storyboard in Resources */,
				9F3481A427D1107A00E55B65 /* Assets.xcassets in Resources */,
				9F3481A227D1107700E55B65 /* Main.storyboard in Resources */,
			);
			runOnlyForDeploymentPostprocessing = 0;
		};
/* End PBXResourcesBuildPhase section */

/* Begin PBXShellScriptBuildPhase section */
		8A29128903650C48870C51E1 /* [CP] Copy Pods Resources */ = {
			isa = PBXShellScriptBuildPhase;
			buildActionMask = 2147483647;
			files = (
			);
			inputFileListPaths = (
				"${PODS_ROOT}/Target Support Files/Pods-WeatherGift/Pods-WeatherGift-resources-${CONFIGURATION}-input-files.xcfilelist",
			);
			name = "[CP] Copy Pods Resources";
			outputFileListPaths = (
				"${PODS_ROOT}/Target Support Files/Pods-WeatherGift/Pods-WeatherGift-resources-${CONFIGURATION}-output-files.xcfilelist",
			);
			runOnlyForDeploymentPostprocessing = 0;
			shellPath = /bin/sh;
			shellScript = "\"${PODS_ROOT}/Target Support Files/Pods-WeatherGift/Pods-WeatherGift-resources.sh\"\n";
			showEnvVarsInLog = 0;
		};
		D5E8FFC70B6DE70D53E711B9 /* [CP] Check Pods Manifest.lock */ = {
			isa = PBXShellScriptBuildPhase;
			buildActionMask = 2147483647;
			files = (
			);
			inputFileListPaths = (
			);
			inputPaths = (
				"${PODS_PODFILE_DIR_PATH}/Podfile.lock",
				"${PODS_ROOT}/Manifest.lock",
			);
			name = "[CP] Check Pods Manifest.lock";
			outputFileListPaths = (
			);
			outputPaths = (
				"$(DERIVED_FILE_DIR)/Pods-WeatherGift-checkManifestLockResult.txt",
			);
			runOnlyForDeploymentPostprocessing = 0;
			shellPath = /bin/sh;
			shellScript = "diff \"${PODS_PODFILE_DIR_PATH}/Podfile.lock\" \"${PODS_ROOT}/Manifest.lock\" > /dev/null\nif [ $? != 0 ] ; then\n    # print error to STDERR\n    echo \"error: The sandbox is not in sync with the Podfile.lock. Run 'pod install' or update your CocoaPods installation.\" >&2\n    exit 1\nfi\n# This output is used by Xcode 'outputs' to avoid re-running this script phase.\necho \"SUCCESS\" > \"${SCRIPT_OUTPUT_FILE_0}\"\n";
			showEnvVarsInLog = 0;
		};
/* End PBXShellScriptBuildPhase section */

/* Begin PBXSourcesBuildPhase section */
		9F34819327D1107700E55B65 /* Sources */ = {
			isa = PBXSourcesBuildPhase;
			buildActionMask = 2147483647;
			files = (
				9F2E23A627EFA05100F46B6F /* DailyTableViewCell.swift in Sources */,
				9F34819F27D1107700E55B65 /* LocationListViewController.swift in Sources */,
				9FBDDB9027DFAC8B00A9F91A /* WeatherDetail.swift in Sources */,
				9FBDDB8E27DF95EC00A9F91A /* PageViewController.swift in Sources */,
				9F3481AF27D110BC00E55B65 /* WeatherLocation.swift in Sources */,
				9FBDDB8A27DEDA6500A9F91A /* APIkeys.swift in Sources */,
				9F34819B27D1107700E55B65 /* AppDelegate.swift in Sources */,
				9FBDDB8C27DF87E200A9F91A /* LocationDetailViewController.swift in Sources */,
				9F34819D27D1107700E55B65 /* SceneDelegate.swift in Sources */,
				9F2E23A827EFAE1B00F46B6F /* HourlyCollectionViewCell.swift in Sources */,
			);
			runOnlyForDeploymentPostprocessing = 0;
		};
/* End PBXSourcesBuildPhase section */

/* Begin PBXVariantGroup section */
		9F3481A027D1107700E55B65 /* Main.storyboard */ = {
			isa = PBXVariantGroup;
			children = (
				9F3481A127D1107700E55B65 /* Base */,
			);
			name = Main.storyboard;
			sourceTree = "<group>";
		};
		9F3481A527D1107A00E55B65 /* LaunchScreen.storyboard */ = {
			isa = PBXVariantGroup;
			children = (
				9F3481A627D1107A00E55B65 /* Base */,
			);
			name = LaunchScreen.storyboard;
			sourceTree = "<group>";
		};
/* End PBXVariantGroup section */

/* Begin XCBuildConfiguration section */
		9F3481A927D1107A00E55B65 /* Debug */ = {
			isa = XCBuildConfiguration;
			buildSettings = {
				ALWAYS_SEARCH_USER_PATHS = NO;
				CLANG_ANALYZER_NONNULL = YES;
				CLANG_ANALYZER_NUMBER_OBJECT_CONVERSION = YES_AGGRESSIVE;
				CLANG_CXX_LANGUAGE_STANDARD = "gnu++17";
				CLANG_CXX_LIBRARY = "libc++";
				CLANG_ENABLE_MODULES = YES;
				CLANG_ENABLE_OBJC_ARC = YES;
				CLANG_ENABLE_OBJC_WEAK = YES;
				CLANG_WARN_BLOCK_CAPTURE_AUTORELEASING = YES;
				CLANG_WARN_BOOL_CONVERSION = YES;
				CLANG_WARN_COMMA = YES;
				CLANG_WARN_CONSTANT_CONVERSION = YES;
				CLANG_WARN_DEPRECATED_OBJC_IMPLEMENTATIONS = YES;
				CLANG_WARN_DIRECT_OBJC_ISA_USAGE = YES_ERROR;
				CLANG_WARN_DOCUMENTATION_COMMENTS = YES;
				CLANG_WARN_EMPTY_BODY = YES;
				CLANG_WARN_ENUM_CONVERSION = YES;
				CLANG_WARN_INFINITE_RECURSION = YES;
				CLANG_WARN_INT_CONVERSION = YES;
				CLANG_WARN_NON_LITERAL_NULL_CONVERSION = YES;
				CLANG_WARN_OBJC_IMPLICIT_RETAIN_SELF = YES;
				CLANG_WARN_OBJC_LITERAL_CONVERSION = YES;
				CLANG_WARN_OBJC_ROOT_CLASS = YES_ERROR;
				CLANG_WARN_QUOTED_INCLUDE_IN_FRAMEWORK_HEADER = YES;
				CLANG_WARN_RANGE_LOOP_ANALYSIS = YES;
				CLANG_WARN_STRICT_PROTOTYPES = YES;
				CLANG_WARN_SUSPICIOUS_MOVE = YES;
				CLANG_WARN_UNGUARDED_AVAILABILITY = YES_AGGRESSIVE;
				CLANG_WARN_UNREACHABLE_CODE = YES;
				CLANG_WARN__DUPLICATE_METHOD_MATCH = YES;
				COPY_PHASE_STRIP = NO;
				DEBUG_INFORMATION_FORMAT = dwarf;
				ENABLE_STRICT_OBJC_MSGSEND = YES;
				ENABLE_TESTABILITY = YES;
				GCC_C_LANGUAGE_STANDARD = gnu11;
				GCC_DYNAMIC_NO_PIC = NO;
				GCC_NO_COMMON_BLOCKS = YES;
				GCC_OPTIMIZATION_LEVEL = 0;
				GCC_PREPROCESSOR_DEFINITIONS = (
					"DEBUG=1",
					"$(inherited)",
				);
				GCC_WARN_64_TO_32_BIT_CONVERSION = YES;
				GCC_WARN_ABOUT_RETURN_TYPE = YES_ERROR;
				GCC_WARN_UNDECLARED_SELECTOR = YES;
				GCC_WARN_UNINITIALIZED_AUTOS = YES_AGGRESSIVE;
				GCC_WARN_UNUSED_FUNCTION = YES;
				GCC_WARN_UNUSED_VARIABLE = YES;
				IPHONEOS_DEPLOYMENT_TARGET = 15.2;
				MTL_ENABLE_DEBUG_INFO = INCLUDE_SOURCE;
				MTL_FAST_MATH = YES;
				ONLY_ACTIVE_ARCH = YES;
				SDKROOT = iphoneos;
				SWIFT_ACTIVE_COMPILATION_CONDITIONS = DEBUG;
				SWIFT_OPTIMIZATION_LEVEL = "-Onone";
			};
			name = Debug;
		};
		9F3481AA27D1107A00E55B65 /* Release */ = {
			isa = XCBuildConfiguration;
			buildSettings = {
				ALWAYS_SEARCH_USER_PATHS = NO;
				CLANG_ANALYZER_NONNULL = YES;
				CLANG_ANALYZER_NUMBER_OBJECT_CONVERSION = YES_AGGRESSIVE;
				CLANG_CXX_LANGUAGE_STANDARD = "gnu++17";
				CLANG_CXX_LIBRARY = "libc++";
				CLANG_ENABLE_MODULES = YES;
				CLANG_ENABLE_OBJC_ARC = YES;
				CLANG_ENABLE_OBJC_WEAK = YES;
				CLANG_WARN_BLOCK_CAPTURE_AUTORELEASING = YES;
				CLANG_WARN_BOOL_CONVERSION = YES;
				CLANG_WARN_COMMA = YES;
				CLANG_WARN_CONSTANT_CONVERSION = YES;
				CLANG_WARN_DEPRECATED_OBJC_IMPLEMENTATIONS = YES;
				CLANG_WARN_DIRECT_OBJC_ISA_USAGE = YES_ERROR;
				CLANG_WARN_DOCUMENTATION_COMMENTS = YES;
				CLANG_WARN_EMPTY_BODY = YES;
				CLANG_WARN_ENUM_CONVERSION = YES;
				CLANG_WARN_INFINITE_RECURSION = YES;
				CLANG_WARN_INT_CONVERSION = YES;
				CLANG_WARN_NON_LITERAL_NULL_CONVERSION = YES;
				CLANG_WARN_OBJC_IMPLICIT_RETAIN_SELF = YES;
				CLANG_WARN_OBJC_LITERAL_CONVERSION = YES;
				CLANG_WARN_OBJC_ROOT_CLASS = YES_ERROR;
				CLANG_WARN_QUOTED_INCLUDE_IN_FRAMEWORK_HEADER = YES;
				CLANG_WARN_RANGE_LOOP_ANALYSIS = YES;
				CLANG_WARN_STRICT_PROTOTYPES = YES;
				CLANG_WARN_SUSPICIOUS_MOVE = YES;
				CLANG_WARN_UNGUARDED_AVAILABILITY = YES_AGGRESSIVE;
				CLANG_WARN_UNREACHABLE_CODE = YES;
				CLANG_WARN__DUPLICATE_METHOD_MATCH = YES;
				COPY_PHASE_STRIP = NO;
				DEBUG_INFORMATION_FORMAT = "dwarf-with-dsym";
				ENABLE_NS_ASSERTIONS = NO;
				ENABLE_STRICT_OBJC_MSGSEND = YES;
				GCC_C_LANGUAGE_STANDARD = gnu11;
				GCC_NO_COMMON_BLOCKS = YES;
				GCC_WARN_64_TO_32_BIT_CONVERSION = YES;
				GCC_WARN_ABOUT_RETURN_TYPE = YES_ERROR;
				GCC_WARN_UNDECLARED_SELECTOR = YES;
				GCC_WARN_UNINITIALIZED_AUTOS = YES_AGGRESSIVE;
				GCC_WARN_UNUSED_FUNCTION = YES;
				GCC_WARN_UNUSED_VARIABLE = YES;
				IPHONEOS_DEPLOYMENT_TARGET = 15.2;
				MTL_ENABLE_DEBUG_INFO = NO;
				MTL_FAST_MATH = YES;
				SDKROOT = iphoneos;
				SWIFT_COMPILATION_MODE = wholemodule;
				SWIFT_OPTIMIZATION_LEVEL = "-O";
				VALIDATE_PRODUCT = YES;
			};
			name = Release;
		};
		9F3481AC27D1107A00E55B65 /* Debug */ = {
			isa = XCBuildConfiguration;
			baseConfigurationReference = B2FBA78B272FA7D4A66F4D24 /* Pods-WeatherGift.debug.xcconfig */;
			buildSettings = {
				ASSETCATALOG_COMPILER_APPICON_NAME = AppIcon;
				ASSETCATALOG_COMPILER_GLOBAL_ACCENT_COLOR_NAME = AccentColor;
				CODE_SIGN_STYLE = Automatic;
				CURRENT_PROJECT_VERSION = 1;
				DEVELOPMENT_TEAM = W8GAM4YND7;
				GENERATE_INFOPLIST_FILE = YES;
				INFOPLIST_FILE = WeatherGift/Info.plist;
				INFOPLIST_KEY_UIApplicationSupportsIndirectInputEvents = YES;
				INFOPLIST_KEY_UILaunchStoryboardName = LaunchScreen;
				INFOPLIST_KEY_UIMainStoryboardFile = Main;
				INFOPLIST_KEY_UISupportedInterfaceOrientations_iPad = "UIInterfaceOrientationPortrait UIInterfaceOrientationPortraitUpsideDown UIInterfaceOrientationLandscapeLeft UIInterfaceOrientationLandscapeRight";
				INFOPLIST_KEY_UISupportedInterfaceOrientations_iPhone = "UIInterfaceOrientationPortrait UIInterfaceOrientationLandscapeLeft UIInterfaceOrientationLandscapeRight";
				LD_RUNPATH_SEARCH_PATHS = (
					"$(inherited)",
					"@executable_path/Frameworks",
				);
				MARKETING_VERSION = 1.0;
				PRODUCT_BUNDLE_IDENTIFIER = "Rosemary-Gellene.WeatherGift";
				PRODUCT_NAME = "$(TARGET_NAME)";
				SWIFT_EMIT_LOC_STRINGS = YES;
				SWIFT_VERSION = 5.0;
				TARGETED_DEVICE_FAMILY = "1,2";
			};
			name = Debug;
		};
		9F3481AD27D1107A00E55B65 /* Release */ = {
			isa = XCBuildConfiguration;
			baseConfigurationReference = E6D728C74AC52BF2C6A28A85 /* Pods-WeatherGift.release.xcconfig */;
			buildSettings = {
				ASSETCATALOG_COMPILER_APPICON_NAME = AppIcon;
				ASSETCATALOG_COMPILER_GLOBAL_ACCENT_COLOR_NAME = AccentColor;
				CODE_SIGN_STYLE = Automatic;
				CURRENT_PROJECT_VERSION = 1;
				DEVELOPMENT_TEAM = W8GAM4YND7;
				GENERATE_INFOPLIST_FILE = YES;
				INFOPLIST_FILE = WeatherGift/Info.plist;
				INFOPLIST_KEY_UIApplicationSupportsIndirectInputEvents = YES;
				INFOPLIST_KEY_UILaunchStoryboardName = LaunchScreen;
				INFOPLIST_KEY_UIMainStoryboardFile = Main;
				INFOPLIST_KEY_UISupportedInterfaceOrientations_iPad = "UIInterfaceOrientationPortrait UIInterfaceOrientationPortraitUpsideDown UIInterfaceOrientationLandscapeLeft UIInterfaceOrientationLandscapeRight";
				INFOPLIST_KEY_UISupportedInterfaceOrientations_iPhone = "UIInterfaceOrientationPortrait UIInterfaceOrientationLandscapeLeft UIInterfaceOrientationLandscapeRight";
				LD_RUNPATH_SEARCH_PATHS = (
					"$(inherited)",
					"@executable_path/Frameworks",
				);
				MARKETING_VERSION = 1.0;
				PRODUCT_BUNDLE_IDENTIFIER = "Rosemary-Gellene.WeatherGift";
				PRODUCT_NAME = "$(TARGET_NAME)";
				SWIFT_EMIT_LOC_STRINGS = YES;
				SWIFT_VERSION = 5.0;
				TARGETED_DEVICE_FAMILY = "1,2";
			};
			name = Release;
		};
/* End XCBuildConfiguration section */

/* Begin XCConfigurationList section */
		9F34819227D1107700E55B65 /* Build configuration list for PBXProject "WeatherGift" */ = {
			isa = XCConfigurationList;
			buildConfigurations = (
				9F3481A927D1107A00E55B65 /* Debug */,
				9F3481AA27D1107A00E55B65 /* Release */,
			);
			defaultConfigurationIsVisible = 0;
			defaultConfigurationName = Release;
		};
		9F3481AB27D1107A00E55B65 /* Build configuration list for PBXNativeTarget "WeatherGift" */ = {
			isa = XCConfigurationList;
			buildConfigurations = (
				9F3481AC27D1107A00E55B65 /* Debug */,
				9F3481AD27D1107A00E55B65 /* Release */,
			);
			defaultConfigurationIsVisible = 0;
			defaultConfigurationName = Release;
		};
/* End XCConfigurationList section */
	};
	rootObject = 9F34818F27D1107700E55B65 /* Project object */;
}
